// !$*UTF8*$!
{
	archiveVersion = 1;
	classes = {
	};
	objectVersion = 50;
	objects = {

/* Begin PBXBuildFile section */
		69C7BE1922BCE857009CB5FB /* ItemsVC.swift in Sources */ = {isa = PBXBuildFile; fileRef = 69C7BE1822BCE857009CB5FB /* ItemsVC.swift */; };
		69C7BE1B22BCE91C009CB5FB /* ItemCell.swift in Sources */ = {isa = PBXBuildFile; fileRef = 69C7BE1A22BCE91C009CB5FB /* ItemCell.swift */; };
		B5287EC022BC1C000044DA05 /* AppDelegate.swift in Sources */ = {isa = PBXBuildFile; fileRef = B5287EBF22BC1C000044DA05 /* AppDelegate.swift */; };
		B5287EC222BC1C000044DA05 /* CategoryVC.swift in Sources */ = {isa = PBXBuildFile; fileRef = B5287EC122BC1C000044DA05 /* CategoryVC.swift */; };
		B5287EC522BC1C000044DA05 /* Main.storyboard in Resources */ = {isa = PBXBuildFile; fileRef = B5287EC322BC1C000044DA05 /* Main.storyboard */; };
		B5287EC822BC1C000044DA05 /* CoreData_Practice.xcdatamodeld in Sources */ = {isa = PBXBuildFile; fileRef = B5287EC622BC1C000044DA05 /* CoreData_Practice.xcdatamodeld */; };
		B5287ECA22BC1C010044DA05 /* Assets.xcassets in Resources */ = {isa = PBXBuildFile; fileRef = B5287EC922BC1C010044DA05 /* Assets.xcassets */; };
		B5287ECD22BC1C010044DA05 /* LaunchScreen.storyboard in Resources */ = {isa = PBXBuildFile; fileRef = B5287ECB22BC1C010044DA05 /* LaunchScreen.storyboard */; };
		B5287ED722BC1EA20044DA05 /* CategoryCell.swift in Sources */ = {isa = PBXBuildFile; fileRef = B5287ED622BC1EA20044DA05 /* CategoryCell.swift */; };
/* End PBXBuildFile section */

/* Begin PBXFileReference section */
		69C7BE1822BCE857009CB5FB /* ItemsVC.swift */ = {isa = PBXFileReference; lastKnownFileType = sourcecode.swift; path = ItemsVC.swift; sourceTree = "<group>"; };
		69C7BE1A22BCE91C009CB5FB /* ItemCell.swift */ = {isa = PBXFileReference; lastKnownFileType = sourcecode.swift; path = ItemCell.swift; sourceTree = "<group>"; };
		B5287EBC22BC1C000044DA05 /* CoreData Practice.app */ = {isa = PBXFileReference; explicitFileType = wrapper.application; includeInIndex = 0; path = "CoreData Practice.app"; sourceTree = BUILT_PRODUCTS_DIR; };
		B5287EBF22BC1C000044DA05 /* AppDelegate.swift */ = {isa = PBXFileReference; lastKnownFileType = sourcecode.swift; path = AppDelegate.swift; sourceTree = "<group>"; };
		B5287EC122BC1C000044DA05 /* CategoryVC.swift */ = {isa = PBXFileReference; lastKnownFileType = sourcecode.swift; path = CategoryVC.swift; sourceTree = "<group>"; };
		B5287EC422BC1C000044DA05 /* Base */ = {isa = PBXFileReference; lastKnownFileType = file.storyboard; name = Base; path = Base.lproj/Main.storyboard; sourceTree = "<group>"; };
		B5287EC722BC1C000044DA05 /* CoreData_Practice.xcdatamodel */ = {isa = PBXFileReference; lastKnownFileType = wrapper.xcdatamodel; path = CoreData_Practice.xcdatamodel; sourceTree = "<group>"; };
		B5287EC922BC1C010044DA05 /* Assets.xcassets */ = {isa = PBXFileReference; lastKnownFileType = folder.assetcatalog; path = Assets.xcassets; sourceTree = "<group>"; };
		B5287ECC22BC1C010044DA05 /* Base */ = {isa = PBXFileReference; lastKnownFileType = file.storyboard; name = Base; path = Base.lproj/LaunchScreen.storyboard; sourceTree = "<group>"; };
		B5287ECE22BC1C010044DA05 /* Info.plist */ = {isa = PBXFileReference; lastKnownFileType = text.plist.xml; path = Info.plist; sourceTree = "<group>"; };
		B5287ED622BC1EA20044DA05 /* CategoryCell.swift */ = {isa = PBXFileReference; lastKnownFileType = sourcecode.swift; path = CategoryCell.swift; sourceTree = "<group>"; };
/* End PBXFileReference section */

/* Begin PBXFrameworksBuildPhase section */
		B5287EB922BC1C000044DA05 /* Frameworks */ = {
			isa = PBXFrameworksBuildPhase;
			buildActionMask = 2147483647;
			files = (
			);
			runOnlyForDeploymentPostprocessing = 0;
		};
/* End PBXFrameworksBuildPhase section */

/* Begin PBXGroup section */
		69C7BE1C22BCEC93009CB5FB /* Controller */ = {
			isa = PBXGroup;
			children = (
				B5287EC122BC1C000044DA05 /* CategoryVC.swift */,
				69C7BE1822BCE857009CB5FB /* ItemsVC.swift */,
			);
			path = Controller;
			sourceTree = "<group>";
		};
		69C7BE1D22BCEC9A009CB5FB /* View */ = {
			isa = PBXGroup;
			children = (
				B5287ED622BC1EA20044DA05 /* CategoryCell.swift */,
				69C7BE1A22BCE91C009CB5FB /* ItemCell.swift */,
			);
			path = View;
			sourceTree = "<group>";
		};
		69C7BE1E22BCECA0009CB5FB /* Model */ = {
			isa = PBXGroup;
			children = (
				B5287EC622BC1C000044DA05 /* CoreData_Practice.xcdatamodeld */,
			);
			path = Model;
			sourceTree = "<group>";
		};
		B5287EB322BC1C000044DA05 = {
			isa = PBXGroup;
			children = (
				B5287EBE22BC1C000044DA05 /* CoreData Practice */,
				B5287EBD22BC1C000044DA05 /* Products */,
			);
			sourceTree = "<group>";
		};
		B5287EBD22BC1C000044DA05 /* Products */ = {
			isa = PBXGroup;
			children = (
				B5287EBC22BC1C000044DA05 /* CoreData Practice.app */,
			);
			name = Products;
			sourceTree = "<group>";
		};
		B5287EBE22BC1C000044DA05 /* CoreData Practice */ = {
			isa = PBXGroup;
			children = (
				69C7BE1E22BCECA0009CB5FB /* Model */,
				69C7BE1D22BCEC9A009CB5FB /* View */,
				69C7BE1C22BCEC93009CB5FB /* Controller */,
				B5287EBF22BC1C000044DA05 /* AppDelegate.swift */,
				B5287EC322BC1C000044DA05 /* Main.storyboard */,
				B5287EC922BC1C010044DA05 /* Assets.xcassets */,
				B5287ECB22BC1C010044DA05 /* LaunchScreen.storyboard */,
				B5287ECE22BC1C010044DA05 /* Info.plist */,
			);
			path = "CoreData Practice";
			sourceTree = "<group>";
		};
/* End PBXGroup section */

/* Begin PBXNativeTarget section */
		B5287EBB22BC1C000044DA05 /* CoreData Practice */ = {
			isa = PBXNativeTarget;
			buildConfigurationList = B5287ED122BC1C010044DA05 /* Build configuration list for PBXNativeTarget "CoreData Practice" */;
			buildPhases = (
				B5287EB822BC1C000044DA05 /* Sources */,
				B5287EB922BC1C000044DA05 /* Frameworks */,
				B5287EBA22BC1C000044DA05 /* Resources */,
			);
			buildRules = (
			);
			dependencies = (
			);
			name = "CoreData Practice";
			productName = "CoreData Practice";
			productReference = B5287EBC22BC1C000044DA05 /* CoreData Practice.app */;
			productType = "com.apple.product-type.application";
		};
/* End PBXNativeTarget section */

/* Begin PBXProject section */
		B5287EB422BC1C000044DA05 /* Project object */ = {
			isa = PBXProject;
			attributes = {
				LastSwiftUpdateCheck = 1020;
				LastUpgradeCheck = 1020;
				ORGANIZATIONNAME = "Jay Phillips";
				TargetAttributes = {
					B5287EBB22BC1C000044DA05 = {
						CreatedOnToolsVersion = 10.2.1;
					};
				};
			};
			buildConfigurationList = B5287EB722BC1C000044DA05 /* Build configuration list for PBXProject "CoreData Practice" */;
			compatibilityVersion = "Xcode 9.3";
			developmentRegion = en;
			hasScannedForEncodings = 0;
			knownRegions = (
				en,
				Base,
			);
			mainGroup = B5287EB322BC1C000044DA05;
			productRefGroup = B5287EBD22BC1C000044DA05 /* Products */;
			projectDirPath = "";
			projectRoot = "";
			targets = (
				B5287EBB22BC1C000044DA05 /* CoreData Practice */,
			);
		};
/* End PBXProject section */

/* Begin PBXResourcesBuildPhase section */
		B5287EBA22BC1C000044DA05 /* Resources */ = {
			isa = PBXResourcesBuildPhase;
			buildActionMask = 2147483647;
			files = (
				B5287ECD22BC1C010044DA05 /* LaunchScreen.storyboard in Resources */,
				B5287ECA22BC1C010044DA05 /* Assets.xcassets in Resources */,
				B5287EC522BC1C000044DA05 /* Main.storyboard in Resources */,
			);
			runOnlyForDeploymentPostprocessing = 0;
		};
/* End PBXResourcesBuildPhase section */

/* Begin PBXSourcesBuildPhase section */
		B5287EB822BC1C000044DA05 /* Sources */ = {
			isa = PBXSourcesBuildPhase;
			buildActionMask = 2147483647;
			files = (
				B5287EC822BC1C000044DA05 /* CoreData_Practice.xcdatamodeld in Sources */,
				B5287EC222BC1C000044DA05 /* CategoryVC.swift in Sources */,
				69C7BE1B22BCE91C009CB5FB /* ItemCell.swift in Sources */,
				B5287EC022BC1C000044DA05 /* AppDelegate.swift in Sources */,
				69C7BE1922BCE857009CB5FB /* ItemsVC.swift in Sources */,
				B5287ED722BC1EA20044DA05 /* CategoryCell.swift in Sources */,
			);
			runOnlyForDeploymentPostprocessing = 0;
		};
/* End PBXSourcesBuildPhase section */

/* Begin PBXVariantGroup section */
		B5287EC322BC1C000044DA05 /* Main.storyboard */ = {
			isa = PBXVariantGroup;
			children = (
				B5287EC422BC1C000044DA05 /* Base */,
			);
			name = Main.storyboard;
			sourceTree = "<group>";
		};
		B5287ECB22BC1C010044DA05 /* LaunchScreen.storyboard */ = {
			isa = PBXVariantGroup;
			children = (
				B5287ECC22BC1C010044DA05 /* Base */,
			);
			name = LaunchScreen.storyboard;
			sourceTree = "<group>";
		};
/* End PBXVariantGroup section */

/* Begin XCBuildConfiguration section */
		B5287ECF22BC1C010044DA05 /* Debug */ = {
			isa = XCBuildConfiguration;
			buildSettings = {
				ALWAYS_SEARCH_USER_PATHS = NO;
				CLANG_ANALYZER_NONNULL = YES;
				CLANG_ANALYZER_NUMBER_OBJECT_CONVERSION = YES_AGGRESSIVE;
				CLANG_CXX_LANGUAGE_STANDARD = "gnu++14";
				CLANG_CXX_LIBRARY = "libc++";
				CLANG_ENABLE_MODULES = YES;
				CLANG_ENABLE_OBJC_ARC = YES;
				CLANG_ENABLE_OBJC_WEAK = YES;
				CLANG_WARN_BLOCK_CAPTURE_AUTORELEASING = YES;
				CLANG_WARN_BOOL_CONVERSION = YES;
				CLANG_WARN_COMMA = YES;
				CLANG_WARN_CONSTANT_CONVERSION = YES;
				CLANG_WARN_DEPRECATED_OBJC_IMPLEMENTATIONS = YES;
				CLANG_WARN_DIRECT_OBJC_ISA_USAGE = YES_ERROR;
				CLANG_WARN_DOCUMENTATION_COMMENTS = YES;
				CLANG_WARN_EMPTY_BODY = YES;
				CLANG_WARN_ENUM_CONVERSION = YES;
				CLANG_WARN_INFINITE_RECURSION = YES;
				CLANG_WARN_INT_CONVERSION = YES;
				CLANG_WARN_NON_LITERAL_NULL_CONVERSION = YES;
				CLANG_WARN_OBJC_IMPLICIT_RETAIN_SELF = YES;
				CLANG_WARN_OBJC_LITERAL_CONVERSION = YES;
				CLANG_WARN_OBJC_ROOT_CLASS = YES_ERROR;
				CLANG_WARN_RANGE_LOOP_ANALYSIS = YES;
				CLANG_WARN_STRICT_PROTOTYPES = YES;
				CLANG_WARN_SUSPICIOUS_MOVE = YES;
				CLANG_WARN_UNGUARDED_AVAILABILITY = YES_AGGRESSIVE;
				CLANG_WARN_UNREACHABLE_CODE = YES;
				CLANG_WARN__DUPLICATE_METHOD_MATCH = YES;
				CODE_SIGN_IDENTITY = "iPhone Developer";
				COPY_PHASE_STRIP = NO;
				DEBUG_INFORMATION_FORMAT = dwarf;
				ENABLE_STRICT_OBJC_MSGSEND = YES;
				ENABLE_TESTABILITY = YES;
				GCC_C_LANGUAGE_STANDARD = gnu11;
				GCC_DYNAMIC_NO_PIC = NO;
				GCC_NO_COMMON_BLOCKS = YES;
				GCC_OPTIMIZATION_LEVEL = 0;
				GCC_PREPROCESSOR_DEFINITIONS = (
					"DEBUG=1",
					"$(inherited)",
				);
				GCC_WARN_64_TO_32_BIT_CONVERSION = YES;
				GCC_WARN_ABOUT_RETURN_TYPE = YES_ERROR;
				GCC_WARN_UNDECLARED_SELECTOR = YES;
				GCC_WARN_UNINITIALIZED_AUTOS = YES_AGGRESSIVE;
				GCC_WARN_UNUSED_FUNCTION = YES;
				GCC_WARN_UNUSED_VARIABLE = YES;
				IPHONEOS_DEPLOYMENT_TARGET = 12.2;
				MTL_ENABLE_DEBUG_INFO = INCLUDE_SOURCE;
				MTL_FAST_MATH = YES;
				ONLY_ACTIVE_ARCH = YES;
				SDKROOT = iphoneos;
				SWIFT_ACTIVE_COMPILATION_CONDITIONS = DEBUG;
				SWIFT_OPTIMIZATION_LEVEL = "-Onone";
			};
			name = Debug;
		};
		B5287ED022BC1C010044DA05 /* Release */ = {
			isa = XCBuildConfiguration;
			buildSettings = {
				ALWAYS_SEARCH_USER_PATHS = NO;
				CLANG_ANALYZER_NONNULL = YES;
				CLANG_ANALYZER_NUMBER_OBJECT_CONVERSION = YES_AGGRESSIVE;
				CLANG_CXX_LANGUAGE_STANDARD = "gnu++14";
				CLANG_CXX_LIBRARY = "libc++";
				CLANG_ENABLE_MODULES = YES;
				CLANG_ENABLE_OBJC_ARC = YES;
				CLANG_ENABLE_OBJC_WEAK = YES;
				CLANG_WARN_BLOCK_CAPTURE_AUTORELEASING = YES;
				CLANG_WARN_BOOL_CONVERSION = YES;
				CLANG_WARN_COMMA = YES;
				CLANG_WARN_CONSTANT_CONVERSION = YES;
				CLANG_WARN_DEPRECATED_OBJC_IMPLEMENTATIONS = YES;
				CLANG_WARN_DIRECT_OBJC_ISA_USAGE = YES_ERROR;
				CLANG_WARN_DOCUMENTATION_COMMENTS = YES;
				CLANG_WARN_EMPTY_BODY = YES;
				CLANG_WARN_ENUM_CONVERSION = YES;
				CLANG_WARN_INFINITE_RECURSION = YES;
				CLANG_WARN_INT_CONVERSION = YES;
				CLANG_WARN_NON_LITERAL_NULL_CONVERSION = YES;
				CLANG_WARN_OBJC_IMPLICIT_RETAIN_SELF = YES;
				CLANG_WARN_OBJC_LITERAL_CONVERSION = YES;
				CLANG_WARN_OBJC_ROOT_CLASS = YES_ERROR;
				CLANG_WARN_RANGE_LOOP_ANALYSIS = YES;
				CLANG_WARN_STRICT_PROTOTYPES = YES;
				CLANG_WARN_SUSPICIOUS_MOVE = YES;
				CLANG_WARN_UNGUARDED_AVAILABILITY = YES_AGGRESSIVE;
				CLANG_WARN_UNREACHABLE_CODE = YES;
				CLANG_WARN__DUPLICATE_METHOD_MATCH = YES;
				CODE_SIGN_IDENTITY = "iPhone Developer";
				COPY_PHASE_STRIP = NO;
				DEBUG_INFORMATION_FORMAT = "dwarf-with-dsym";
				ENABLE_NS_ASSERTIONS = NO;
				ENABLE_STRICT_OBJC_MSGSEND = YES;
				GCC_C_LANGUAGE_STANDARD = gnu11;
				GCC_NO_COMMON_BLOCKS = YES;
				GCC_WARN_64_TO_32_BIT_CONVERSION = YES;
				GCC_WARN_ABOUT_RETURN_TYPE = YES_ERROR;
				GCC_WARN_UNDECLARED_SELECTOR = YES;
				GCC_WARN_UNINITIALIZED_AUTOS = YES_AGGRESSIVE;
				GCC_WARN_UNUSED_FUNCTION = YES;
				GCC_WARN_UNUSED_VARIABLE = YES;
				IPHONEOS_DEPLOYMENT_TARGET = 12.2;
				MTL_ENABLE_DEBUG_INFO = NO;
				MTL_FAST_MATH = YES;
				SDKROOT = iphoneos;
				SWIFT_COMPILATION_MODE = wholemodule;
				SWIFT_OPTIMIZATION_LEVEL = "-O";
				VALIDATE_PRODUCT = YES;
			};
			name = Release;
		};
		B5287ED222BC1C010044DA05 /* Debug */ = {
			isa = XCBuildConfiguration;
			buildSettings = {
				ASSETCATALOG_COMPILER_APPICON_NAME = AppIcon;
				CODE_SIGN_STYLE = Automatic;
				DEVELOPMENT_TEAM = 35D5MY3UD7;
				INFOPLIST_FILE = "CoreData Practice/Info.plist";
				LD_RUNPATH_SEARCH_PATHS = (
					"$(inherited)",
					"@executable_path/Frameworks",
				);
				PRODUCT_BUNDLE_IDENTIFIER = "net.devnasium.CoreData-Practice";
				PRODUCT_NAME = "$(TARGET_NAME)";
				SWIFT_VERSION = 5.0;
				TARGETED_DEVICE_FAMILY = "1,2";
			};
			name = Debug;
		};
		B5287ED322BC1C010044DA05 /* Release */ = {
			isa = XCBuildConfiguration;
			buildSettings = {
				ASSETCATALOG_COMPILER_APPICON_NAME = AppIcon;
				CODE_SIGN_STYLE = Automatic;
				DEVELOPMENT_TEAM = 35D5MY3UD7;
				INFOPLIST_FILE = "CoreData Practice/Info.plist";
				LD_RUNPATH_SEARCH_PATHS = (
					"$(inherited)",
					"@executable_path/Frameworks",
				);
				PRODUCT_BUNDLE_IDENTIFIER = "net.devnasium.CoreData-Practice";
				PRODUCT_NAME = "$(TARGET_NAME)";
				SWIFT_VERSION = 5.0;
				TARGETED_DEVICE_FAMILY = "1,2";
			};
			name = Release;
		};
/* End XCBuildConfiguration section */

/* Begin XCConfigurationList section */
		B5287EB722BC1C000044DA05 /* Build configuration list for PBXProject "CoreData Practice" */ = {
			isa = XCConfigurationList;
			buildConfigurations = (
				B5287ECF22BC1C010044DA05 /* Debug */,
				B5287ED022BC1C010044DA05 /* Release */,
			);
			defaultConfigurationIsVisible = 0;
			defaultConfigurationName = Release;
		};
		B5287ED122BC1C010044DA05 /* Build configuration list for PBXNativeTarget "CoreData Practice" */ = {
			isa = XCConfigurationList;
			buildConfigurations = (
				B5287ED222BC1C010044DA05 /* Debug */,
				B5287ED322BC1C010044DA05 /* Release */,
			);
			defaultConfigurationIsVisible = 0;
			defaultConfigurationName = Release;
		};
/* End XCConfigurationList section */

/* Begin XCVersionGroup section */
		B5287EC622BC1C000044DA05 /* CoreData_Practice.xcdatamodeld */ = {
			isa = XCVersionGroup;
			children = (
				B5287EC722BC1C000044DA05 /* CoreData_Practice.xcdatamodel */,
			);
			currentVersion = B5287EC722BC1C000044DA05 /* CoreData_Practice.xcdatamodel */;
			path = CoreData_Practice.xcdatamodeld;
			sourceTree = "<group>";
			versionGroupType = wrapper.xcdatamodel;
		};
/* End XCVersionGroup section */
	};
	rootObject = B5287EB422BC1C000044DA05 /* Project object */;
}
